
Microsoft Visual Studio Solution File, Format Version 12.00
# Visual Studio Version 17
VisualStudioVersion = 17.7.34003.232
MinimumVisualStudioVersion = 10.0.40219.1
Project("{9A19103F-16F7-4668-BE54-9A1E7A4F7556}") = "RgbLedUpdateSample", "RgbLedUpdateSample\RgbLedUpdateSample.csproj", "{92AC43E5-8E65-42DF-A23B-A6F6CF58BA29}"
EndProject
Project("{9A19103F-16F7-4668-BE54-9A1E7A4F7556}") = "CloudLogging", "CloudLogging\CloudLogging.csproj", "{803EDBD9-8D42-4156-B4B3-7226BD392F80}"
EndProject
Project("{9A19103F-16F7-4668-BE54-9A1E7A4F7556}") = "HealthMetricsMonitoring", "HealthMetricsMonitoring\HealthMetricsMonitoring.csproj", "{CE0C5E75-D3B4-4407-A682-A55162395207}"
EndProject
Project("{9A19103F-16F7-4668-BE54-9A1E7A4F7556}") = "Meadow.Cloud_Client", "Meadow.Cloud_Client\Meadow.Cloud_Client.csproj", "{DA45A766-2A02-4F06-9EB7-E7D879161D0F}"
EndProject
Project("{9A19103F-16F7-4668-BE54-9A1E7A4F7556}") = "Meadow.Cloud_Command", "Meadow.Cloud_Command\Meadow.Cloud_Command.csproj", "{1D1D3200-353D-4E58-A4A7-9B0644C1AF20}"
EndProject
Project("{9A19103F-16F7-4668-BE54-9A1E7A4F7556}") = "Meadow.Cloud_Logging", "Meadow.Cloud_Logging\Meadow.Cloud_Logging.csproj", "{EB4D7DBF-D4C3-4D18-8892-CD226C8B2558}"
EndProject
Project("{2150E333-8FDC-42A3-9474-1A3956D46DE8}") = "_External", "_External", "{B50FBE1E-1AB9-4E20-AB86-64C1C0395EC8}"
EndProject
Project("{9A19103F-16F7-4668-BE54-9A1E7A4F7556}") = "Meadow.Core", "..\..\Meadow.Core\source\Meadow.Core\Meadow.Core.csproj", "{675F068F-6171-43C6-9300-9D2751F9A4B3}"
EndProject
Project("{9A19103F-16F7-4668-BE54-9A1E7A4F7556}") = "Meadow.F7", "..\..\Meadow.Core\source\implementations\f7\Meadow.F7\Meadow.F7.csproj", "{89C2A8F7-C666-448C-9029-3A933CE383A0}"
EndProject
Project("{9A19103F-16F7-4668-BE54-9A1E7A4F7556}") = "Meadow.Units", "..\..\Meadow.Units\Source\Meadow.Units\Meadow.Units.csproj", "{336D6F87-9CA3-4169-8E58-5B79D10A37DD}"
EndProject
Project("{9A19103F-16F7-4668-BE54-9A1E7A4F7556}") = "Meadow.Logging", "..\..\Meadow.Logging\Source\Meadow.Logging\lib\Meadow.Logging.csproj", "{74968A39-86B2-4652-82D8-BD13BE3A35CC}"
EndProject
Project("{9A19103F-16F7-4668-BE54-9A1E7A4F7556}") = "Meadow.Logging.LogProviders", "..\..\Meadow.Logging\Source\Meadow.Logging.LogProviders\Driver\Meadow.Logging.LogProviders.csproj", "{1A3C0F4E-3D88-4BBF-B44B-D1CE6534EE86}"
EndProject
Project("{9A19103F-16F7-4668-BE54-9A1E7A4F7556}") = "Meadow.Contracts", "..\..\Meadow.Contracts\Source\Meadow.Contracts\Meadow.Contracts.csproj", "{0F66EF9A-FC8E-48BF-9C2E-2A04CEE16956}"
EndProject
Project("{9A19103F-16F7-4668-BE54-9A1E7A4F7556}") = "MQTTnet", "..\..\MQTTnet\Source\MQTTnet\MQTTnet.csproj", "{C8A52E60-E77E-4781-9F78-90AF7025582C}"
EndProject
Project("{9A19103F-16F7-4668-BE54-9A1E7A4F7556}") = "Meadow.Foundation.Core", "..\..\Meadow.Foundation\Source\Meadow.Foundation.Core\Meadow.Foundation.Core.csproj", "{E4DDD1A1-5C95-4B83-9A17-5FE59CF4D5C4}"
EndProject
Project("{9A19103F-16F7-4668-BE54-9A1E7A4F7556}") = "Graphics.MicroLayout", "..\..\Meadow.Foundation\Source\Meadow.Foundation.Libraries_and_Frameworks\Graphics.MicroLayout\Driver\Graphics.MicroLayout.csproj", "{FC2F44C6-FDDA-4D1E-BA29-51DDE644BF5D}"
EndProject
Project("{9A19103F-16F7-4668-BE54-9A1E7A4F7556}") = "Graphics.MicroGraphics", "..\..\Meadow.Foundation\Source\Meadow.Foundation.Libraries_and_Frameworks\Graphics.MicroGraphics\Driver\Graphics.MicroGraphics.csproj", "{8E04DB63-A195-4AD5-A8AC-47CFD9A76298}"
EndProject
Project("{9A19103F-16F7-4668-BE54-9A1E7A4F7556}") = "Meadow.ProjectLab", "..\..\Meadow.ProjectLab\Source\Meadow.ProjectLab\Meadow.ProjectLab.csproj", "{DEAB1899-BD27-4F6A-B060-89F3DA391BE2}"
EndProject
Project("{9A19103F-16F7-4668-BE54-9A1E7A4F7556}") = "Displays.TftSpi", "..\..\Meadow.Foundation\Source\Meadow.Foundation.Peripherals\Displays.TftSpi\Driver\Displays.TftSpi.csproj", "{ECD2C4D9-A5D8-48F9-B573-8BA8F1FCF53E}"
EndProject
Project("{9A19103F-16F7-4668-BE54-9A1E7A4F7556}") = "ICs.IOExpanders.Mcp23xxx", "..\..\Meadow.Foundation\Source\Meadow.Foundation.Peripherals\ICs.IOExpanders.Mcp23xxx\Driver\ICs.IOExpanders.Mcp23xxx.csproj", "{34C300E2-D75A-4D5B-8C1D-AF90791150F6}"
EndProject
Project("{9A19103F-16F7-4668-BE54-9A1E7A4F7556}") = "ICs.IOExpanders.Sc16is7x2", "..\..\Meadow.Foundation\Source\Meadow.Foundation.Peripherals\ICs.IOExpanders.Sc16is7x2\Driver\ICs.IOExpanders.Sc16is7x2.csproj", "{E3C1D617-AB96-4716-9E37-30E4607B69A1}"
EndProject
Project("{9A19103F-16F7-4668-BE54-9A1E7A4F7556}") = "Sensors.Atmospheric.Bme68x", "..\..\Meadow.Foundation\Source\Meadow.Foundation.Peripherals\Sensors.Atmospheric.Bme68x\Driver\Sensors.Atmospheric.Bme68x.csproj", "{BD90469A-C2D5-4F41-B9D9-438968D678BC}"
EndProject
Project("{9A19103F-16F7-4668-BE54-9A1E7A4F7556}") = "Sensors.Light.Bh1750", "..\..\Meadow.Foundation\Source\Meadow.Foundation.Peripherals\Sensors.Light.Bh1750\Driver\Sensors.Light.Bh1750.csproj", "{B087ACEF-1DAE-4EE0-8741-5C1D2C5483FF}"
EndProject
Project("{9A19103F-16F7-4668-BE54-9A1E7A4F7556}") = "Sensors.Motion.Bmi270", "..\..\Meadow.Foundation\Source\Meadow.Foundation.Peripherals\Sensors.Motion.Bmi270\Driver\Sensors.Motion.Bmi270.csproj", "{9A23E0D5-C082-4F0F-B3DE-253C02981277}"
EndProject
Project("{9A19103F-16F7-4668-BE54-9A1E7A4F7556}") = "4-ChannelSpdtRelay", "..\..\Meadow.Foundation.Grove\Source\4-ChannelSpdtRelay\Driver\4-ChannelSpdtRelay.csproj", "{957483A1-363F-453E-BC55-CFF884E3AC82}"
EndProject
Project("{FAE04EC0-301F-11D3-BF4B-00C04F79EFBC}") = "Meadow.Cloud_OTA", "Meadow.Cloud_OTA\Meadow.Cloud_OTA.csproj", "{F5F16035-4974-4620-ABF6-7AF002AEF932}"
EndProject
Global
	GlobalSection(SolutionConfigurationPlatforms) = preSolution
		Debug|Any CPU = Debug|Any CPU
		Release|Any CPU = Release|Any CPU
	EndGlobalSection
	GlobalSection(ProjectConfigurationPlatforms) = postSolution
		{92AC43E5-8E65-42DF-A23B-A6F6CF58BA29}.Debug|Any CPU.ActiveCfg = Debug|Any CPU
		{92AC43E5-8E65-42DF-A23B-A6F6CF58BA29}.Debug|Any CPU.Build.0 = Debug|Any CPU
		{92AC43E5-8E65-42DF-A23B-A6F6CF58BA29}.Debug|Any CPU.Deploy.0 = Debug|Any CPU
		{92AC43E5-8E65-42DF-A23B-A6F6CF58BA29}.Release|Any CPU.ActiveCfg = Release|Any CPU
		{92AC43E5-8E65-42DF-A23B-A6F6CF58BA29}.Release|Any CPU.Build.0 = Release|Any CPU
		{92AC43E5-8E65-42DF-A23B-A6F6CF58BA29}.Release|Any CPU.Deploy.0 = Release|Any CPU
		{803EDBD9-8D42-4156-B4B3-7226BD392F80}.Debug|Any CPU.ActiveCfg = Debug|Any CPU
		{803EDBD9-8D42-4156-B4B3-7226BD392F80}.Debug|Any CPU.Build.0 = Debug|Any CPU
		{803EDBD9-8D42-4156-B4B3-7226BD392F80}.Debug|Any CPU.Deploy.0 = Debug|Any CPU
		{803EDBD9-8D42-4156-B4B3-7226BD392F80}.Release|Any CPU.ActiveCfg = Release|Any CPU
		{803EDBD9-8D42-4156-B4B3-7226BD392F80}.Release|Any CPU.Build.0 = Release|Any CPU
		{803EDBD9-8D42-4156-B4B3-7226BD392F80}.Release|Any CPU.Deploy.0 = Release|Any CPU
		{CE0C5E75-D3B4-4407-A682-A55162395207}.Debug|Any CPU.ActiveCfg = Debug|Any CPU
		{CE0C5E75-D3B4-4407-A682-A55162395207}.Debug|Any CPU.Build.0 = Debug|Any CPU
		{CE0C5E75-D3B4-4407-A682-A55162395207}.Debug|Any CPU.Deploy.0 = Debug|Any CPU
		{CE0C5E75-D3B4-4407-A682-A55162395207}.Release|Any CPU.ActiveCfg = Release|Any CPU
		{CE0C5E75-D3B4-4407-A682-A55162395207}.Release|Any CPU.Build.0 = Release|Any CPU
		{CE0C5E75-D3B4-4407-A682-A55162395207}.Release|Any CPU.Deploy.0 = Release|Any CPU
		{DA45A766-2A02-4F06-9EB7-E7D879161D0F}.Debug|Any CPU.ActiveCfg = Debug|Any CPU
		{DA45A766-2A02-4F06-9EB7-E7D879161D0F}.Debug|Any CPU.Build.0 = Debug|Any CPU
		{DA45A766-2A02-4F06-9EB7-E7D879161D0F}.Debug|Any CPU.Deploy.0 = Debug|Any CPU
		{DA45A766-2A02-4F06-9EB7-E7D879161D0F}.Release|Any CPU.ActiveCfg = Release|Any CPU
		{DA45A766-2A02-4F06-9EB7-E7D879161D0F}.Release|Any CPU.Build.0 = Release|Any CPU
		{DA45A766-2A02-4F06-9EB7-E7D879161D0F}.Release|Any CPU.Deploy.0 = Release|Any CPU
		{1D1D3200-353D-4E58-A4A7-9B0644C1AF20}.Debug|Any CPU.ActiveCfg = Debug|Any CPU
		{1D1D3200-353D-4E58-A4A7-9B0644C1AF20}.Debug|Any CPU.Build.0 = Debug|Any CPU
		{1D1D3200-353D-4E58-A4A7-9B0644C1AF20}.Debug|Any CPU.Deploy.0 = Debug|Any CPU
		{1D1D3200-353D-4E58-A4A7-9B0644C1AF20}.Release|Any CPU.ActiveCfg = Release|Any CPU
		{1D1D3200-353D-4E58-A4A7-9B0644C1AF20}.Release|Any CPU.Build.0 = Release|Any CPU
		{1D1D3200-353D-4E58-A4A7-9B0644C1AF20}.Release|Any CPU.Deploy.0 = Release|Any CPU
		{EB4D7DBF-D4C3-4D18-8892-CD226C8B2558}.Debug|Any CPU.ActiveCfg = Debug|Any CPU
		{EB4D7DBF-D4C3-4D18-8892-CD226C8B2558}.Debug|Any CPU.Build.0 = Debug|Any CPU
		{EB4D7DBF-D4C3-4D18-8892-CD226C8B2558}.Debug|Any CPU.Deploy.0 = Debug|Any CPU
		{EB4D7DBF-D4C3-4D18-8892-CD226C8B2558}.Release|Any CPU.ActiveCfg = Release|Any CPU
		{EB4D7DBF-D4C3-4D18-8892-CD226C8B2558}.Release|Any CPU.Build.0 = Release|Any CPU
		{EB4D7DBF-D4C3-4D18-8892-CD226C8B2558}.Release|Any CPU.Deploy.0 = Release|Any CPU
		{675F068F-6171-43C6-9300-9D2751F9A4B3}.Debug|Any CPU.ActiveCfg = Debug|Any CPU
		{675F068F-6171-43C6-9300-9D2751F9A4B3}.Debug|Any CPU.Build.0 = Debug|Any CPU
		{675F068F-6171-43C6-9300-9D2751F9A4B3}.Debug|Any CPU.Deploy.0 = Debug|Any CPU
		{675F068F-6171-43C6-9300-9D2751F9A4B3}.Release|Any CPU.ActiveCfg = Release|Any CPU
		{675F068F-6171-43C6-9300-9D2751F9A4B3}.Release|Any CPU.Build.0 = Release|Any CPU
		{675F068F-6171-43C6-9300-9D2751F9A4B3}.Release|Any CPU.Deploy.0 = Release|Any CPU
		{89C2A8F7-C666-448C-9029-3A933CE383A0}.Debug|Any CPU.ActiveCfg = Debug|Any CPU
		{89C2A8F7-C666-448C-9029-3A933CE383A0}.Debug|Any CPU.Build.0 = Debug|Any CPU
		{89C2A8F7-C666-448C-9029-3A933CE383A0}.Debug|Any CPU.Deploy.0 = Debug|Any CPU
		{89C2A8F7-C666-448C-9029-3A933CE383A0}.Release|Any CPU.ActiveCfg = Release|Any CPU
		{89C2A8F7-C666-448C-9029-3A933CE383A0}.Release|Any CPU.Build.0 = Release|Any CPU
		{89C2A8F7-C666-448C-9029-3A933CE383A0}.Release|Any CPU.Deploy.0 = Release|Any CPU
		{336D6F87-9CA3-4169-8E58-5B79D10A37DD}.Debug|Any CPU.ActiveCfg = Debug|Any CPU
		{336D6F87-9CA3-4169-8E58-5B79D10A37DD}.Debug|Any CPU.Build.0 = Debug|Any CPU
		{336D6F87-9CA3-4169-8E58-5B79D10A37DD}.Debug|Any CPU.Deploy.0 = Debug|Any CPU
		{336D6F87-9CA3-4169-8E58-5B79D10A37DD}.Release|Any CPU.ActiveCfg = Release|Any CPU
		{336D6F87-9CA3-4169-8E58-5B79D10A37DD}.Release|Any CPU.Build.0 = Release|Any CPU
		{336D6F87-9CA3-4169-8E58-5B79D10A37DD}.Release|Any CPU.Deploy.0 = Release|Any CPU
		{74968A39-86B2-4652-82D8-BD13BE3A35CC}.Debug|Any CPU.ActiveCfg = Debug|Any CPU
		{74968A39-86B2-4652-82D8-BD13BE3A35CC}.Debug|Any CPU.Build.0 = Debug|Any CPU
		{74968A39-86B2-4652-82D8-BD13BE3A35CC}.Release|Any CPU.ActiveCfg = Release|Any CPU
		{74968A39-86B2-4652-82D8-BD13BE3A35CC}.Release|Any CPU.Build.0 = Release|Any CPU
		{1A3C0F4E-3D88-4BBF-B44B-D1CE6534EE86}.Debug|Any CPU.ActiveCfg = Debug|Any CPU
		{1A3C0F4E-3D88-4BBF-B44B-D1CE6534EE86}.Debug|Any CPU.Build.0 = Debug|Any CPU
		{1A3C0F4E-3D88-4BBF-B44B-D1CE6534EE86}.Debug|Any CPU.Deploy.0 = Debug|Any CPU
		{1A3C0F4E-3D88-4BBF-B44B-D1CE6534EE86}.Release|Any CPU.ActiveCfg = Release|Any CPU
		{1A3C0F4E-3D88-4BBF-B44B-D1CE6534EE86}.Release|Any CPU.Build.0 = Release|Any CPU
		{1A3C0F4E-3D88-4BBF-B44B-D1CE6534EE86}.Release|Any CPU.Deploy.0 = Release|Any CPU
		{0F66EF9A-FC8E-48BF-9C2E-2A04CEE16956}.Debug|Any CPU.ActiveCfg = Debug|Any CPU
		{0F66EF9A-FC8E-48BF-9C2E-2A04CEE16956}.Debug|Any CPU.Build.0 = Debug|Any CPU
		{0F66EF9A-FC8E-48BF-9C2E-2A04CEE16956}.Debug|Any CPU.Deploy.0 = Debug|Any CPU
		{0F66EF9A-FC8E-48BF-9C2E-2A04CEE16956}.Release|Any CPU.ActiveCfg = Release|Any CPU
		{0F66EF9A-FC8E-48BF-9C2E-2A04CEE16956}.Release|Any CPU.Build.0 = Release|Any CPU
		{0F66EF9A-FC8E-48BF-9C2E-2A04CEE16956}.Release|Any CPU.Deploy.0 = Release|Any CPU
		{C8A52E60-E77E-4781-9F78-90AF7025582C}.Debug|Any CPU.ActiveCfg = Debug|Any CPU
		{C8A52E60-E77E-4781-9F78-90AF7025582C}.Debug|Any CPU.Build.0 = Debug|Any CPU
		{C8A52E60-E77E-4781-9F78-90AF7025582C}.Release|Any CPU.ActiveCfg = Release|Any CPU
		{C8A52E60-E77E-4781-9F78-90AF7025582C}.Release|Any CPU.Build.0 = Release|Any CPU
		{E4DDD1A1-5C95-4B83-9A17-5FE59CF4D5C4}.Debug|Any CPU.ActiveCfg = Debug|Any CPU
		{E4DDD1A1-5C95-4B83-9A17-5FE59CF4D5C4}.Debug|Any CPU.Build.0 = Debug|Any CPU
		{E4DDD1A1-5C95-4B83-9A17-5FE59CF4D5C4}.Debug|Any CPU.Deploy.0 = Debug|Any CPU
		{E4DDD1A1-5C95-4B83-9A17-5FE59CF4D5C4}.Release|Any CPU.ActiveCfg = Release|Any CPU
		{E4DDD1A1-5C95-4B83-9A17-5FE59CF4D5C4}.Release|Any CPU.Build.0 = Release|Any CPU
		{E4DDD1A1-5C95-4B83-9A17-5FE59CF4D5C4}.Release|Any CPU.Deploy.0 = Release|Any CPU
		{FC2F44C6-FDDA-4D1E-BA29-51DDE644BF5D}.Debug|Any CPU.ActiveCfg = Debug|Any CPU
		{FC2F44C6-FDDA-4D1E-BA29-51DDE644BF5D}.Debug|Any CPU.Build.0 = Debug|Any CPU
		{FC2F44C6-FDDA-4D1E-BA29-51DDE644BF5D}.Release|Any CPU.ActiveCfg = Release|Any CPU
		{FC2F44C6-FDDA-4D1E-BA29-51DDE644BF5D}.Release|Any CPU.Build.0 = Release|Any CPU
		{8E04DB63-A195-4AD5-A8AC-47CFD9A76298}.Debug|Any CPU.ActiveCfg = Debug|Any CPU
		{8E04DB63-A195-4AD5-A8AC-47CFD9A76298}.Debug|Any CPU.Build.0 = Debug|Any CPU
		{8E04DB63-A195-4AD5-A8AC-47CFD9A76298}.Debug|Any CPU.Deploy.0 = Debug|Any CPU
		{8E04DB63-A195-4AD5-A8AC-47CFD9A76298}.Release|Any CPU.ActiveCfg = Release|Any CPU
		{8E04DB63-A195-4AD5-A8AC-47CFD9A76298}.Release|Any CPU.Build.0 = Release|Any CPU
		{8E04DB63-A195-4AD5-A8AC-47CFD9A76298}.Release|Any CPU.Deploy.0 = Release|Any CPU
		{DEAB1899-BD27-4F6A-B060-89F3DA391BE2}.Debug|Any CPU.ActiveCfg = Debug|Any CPU
		{DEAB1899-BD27-4F6A-B060-89F3DA391BE2}.Debug|Any CPU.Build.0 = Debug|Any CPU
		{DEAB1899-BD27-4F6A-B060-89F3DA391BE2}.Debug|Any CPU.Deploy.0 = Debug|Any CPU
		{DEAB1899-BD27-4F6A-B060-89F3DA391BE2}.Release|Any CPU.ActiveCfg = Release|Any CPU
		{DEAB1899-BD27-4F6A-B060-89F3DA391BE2}.Release|Any CPU.Build.0 = Release|Any CPU
		{DEAB1899-BD27-4F6A-B060-89F3DA391BE2}.Release|Any CPU.Deploy.0 = Release|Any CPU
		{ECD2C4D9-A5D8-48F9-B573-8BA8F1FCF53E}.Debug|Any CPU.ActiveCfg = Debug|Any CPU
		{ECD2C4D9-A5D8-48F9-B573-8BA8F1FCF53E}.Debug|Any CPU.Build.0 = Debug|Any CPU
		{ECD2C4D9-A5D8-48F9-B573-8BA8F1FCF53E}.Debug|Any CPU.Deploy.0 = Debug|Any CPU
		{ECD2C4D9-A5D8-48F9-B573-8BA8F1FCF53E}.Release|Any CPU.ActiveCfg = Release|Any CPU
		{ECD2C4D9-A5D8-48F9-B573-8BA8F1FCF53E}.Release|Any CPU.Build.0 = Release|Any CPU
		{ECD2C4D9-A5D8-48F9-B573-8BA8F1FCF53E}.Release|Any CPU.Deploy.0 = Release|Any CPU
		{34C300E2-D75A-4D5B-8C1D-AF90791150F6}.Debug|Any CPU.ActiveCfg = Debug|Any CPU
		{34C300E2-D75A-4D5B-8C1D-AF90791150F6}.Debug|Any CPU.Build.0 = Debug|Any CPU
		{34C300E2-D75A-4D5B-8C1D-AF90791150F6}.Debug|Any CPU.Deploy.0 = Debug|Any CPU
		{34C300E2-D75A-4D5B-8C1D-AF90791150F6}.Release|Any CPU.ActiveCfg = Release|Any CPU
		{34C300E2-D75A-4D5B-8C1D-AF90791150F6}.Release|Any CPU.Build.0 = Release|Any CPU
		{34C300E2-D75A-4D5B-8C1D-AF90791150F6}.Release|Any CPU.Deploy.0 = Release|Any CPU
		{E3C1D617-AB96-4716-9E37-30E4607B69A1}.Debug|Any CPU.ActiveCfg = Debug|Any CPU
		{E3C1D617-AB96-4716-9E37-30E4607B69A1}.Debug|Any CPU.Build.0 = Debug|Any CPU
		{E3C1D617-AB96-4716-9E37-30E4607B69A1}.Debug|Any CPU.Deploy.0 = Debug|Any CPU
		{E3C1D617-AB96-4716-9E37-30E4607B69A1}.Release|Any CPU.ActiveCfg = Release|Any CPU
		{E3C1D617-AB96-4716-9E37-30E4607B69A1}.Release|Any CPU.Build.0 = Release|Any CPU
		{E3C1D617-AB96-4716-9E37-30E4607B69A1}.Release|Any CPU.Deploy.0 = Release|Any CPU
		{BD90469A-C2D5-4F41-B9D9-438968D678BC}.Debug|Any CPU.ActiveCfg = Debug|Any CPU
		{BD90469A-C2D5-4F41-B9D9-438968D678BC}.Debug|Any CPU.Build.0 = Debug|Any CPU
		{BD90469A-C2D5-4F41-B9D9-438968D678BC}.Debug|Any CPU.Deploy.0 = Debug|Any CPU
		{BD90469A-C2D5-4F41-B9D9-438968D678BC}.Release|Any CPU.ActiveCfg = Release|Any CPU
		{BD90469A-C2D5-4F41-B9D9-438968D678BC}.Release|Any CPU.Build.0 = Release|Any CPU
		{BD90469A-C2D5-4F41-B9D9-438968D678BC}.Release|Any CPU.Deploy.0 = Release|Any CPU
		{B087ACEF-1DAE-4EE0-8741-5C1D2C5483FF}.Debug|Any CPU.ActiveCfg = Debug|Any CPU
		{B087ACEF-1DAE-4EE0-8741-5C1D2C5483FF}.Debug|Any CPU.Build.0 = Debug|Any CPU
		{B087ACEF-1DAE-4EE0-8741-5C1D2C5483FF}.Debug|Any CPU.Deploy.0 = Debug|Any CPU
		{B087ACEF-1DAE-4EE0-8741-5C1D2C5483FF}.Release|Any CPU.ActiveCfg = Release|Any CPU
		{B087ACEF-1DAE-4EE0-8741-5C1D2C5483FF}.Release|Any CPU.Build.0 = Release|Any CPU
		{B087ACEF-1DAE-4EE0-8741-5C1D2C5483FF}.Release|Any CPU.Deploy.0 = Release|Any CPU
		{9A23E0D5-C082-4F0F-B3DE-253C02981277}.Debug|Any CPU.ActiveCfg = Debug|Any CPU
		{9A23E0D5-C082-4F0F-B3DE-253C02981277}.Debug|Any CPU.Build.0 = Debug|Any CPU
		{9A23E0D5-C082-4F0F-B3DE-253C02981277}.Debug|Any CPU.Deploy.0 = Debug|Any CPU
		{9A23E0D5-C082-4F0F-B3DE-253C02981277}.Release|Any CPU.ActiveCfg = Release|Any CPU
		{9A23E0D5-C082-4F0F-B3DE-253C02981277}.Release|Any CPU.Build.0 = Release|Any CPU
		{9A23E0D5-C082-4F0F-B3DE-253C02981277}.Release|Any CPU.Deploy.0 = Release|Any CPU
		{957483A1-363F-453E-BC55-CFF884E3AC82}.Debug|Any CPU.ActiveCfg = Debug|Any CPU
		{957483A1-363F-453E-BC55-CFF884E3AC82}.Debug|Any CPU.Build.0 = Debug|Any CPU
		{957483A1-363F-453E-BC55-CFF884E3AC82}.Debug|Any CPU.Deploy.0 = Debug|Any CPU
		{957483A1-363F-453E-BC55-CFF884E3AC82}.Release|Any CPU.ActiveCfg = Release|Any CPU
		{957483A1-363F-453E-BC55-CFF884E3AC82}.Release|Any CPU.Build.0 = Release|Any CPU
		{957483A1-363F-453E-BC55-CFF884E3AC82}.Release|Any CPU.Deploy.0 = Release|Any CPU
		{F5F16035-4974-4620-ABF6-7AF002AEF932}.Debug|Any CPU.ActiveCfg = Debug|Any CPU
		{F5F16035-4974-4620-ABF6-7AF002AEF932}.Debug|Any CPU.Build.0 = Debug|Any CPU
		{F5F16035-4974-4620-ABF6-7AF002AEF932}.Debug|Any CPU.Deploy.0 = Debug|Any CPU
		{F5F16035-4974-4620-ABF6-7AF002AEF932}.Release|Any CPU.ActiveCfg = Release|Any CPU
		{F5F16035-4974-4620-ABF6-7AF002AEF932}.Release|Any CPU.Build.0 = Release|Any CPU
		{F5F16035-4974-4620-ABF6-7AF002AEF932}.Release|Any CPU.Deploy.0 = Release|Any CPU
	EndGlobalSection
	GlobalSection(SolutionProperties) = preSolution
		HideSolutionNode = FALSE
	EndGlobalSection
	GlobalSection(NestedProjects) = preSolution
		{675F068F-6171-43C6-9300-9D2751F9A4B3} = {B50FBE1E-1AB9-4E20-AB86-64C1C0395EC8}
		{89C2A8F7-C666-448C-9029-3A933CE383A0} = {B50FBE1E-1AB9-4E20-AB86-64C1C0395EC8}
		{336D6F87-9CA3-4169-8E58-5B79D10A37DD} = {B50FBE1E-1AB9-4E20-AB86-64C1C0395EC8}
		{74968A39-86B2-4652-82D8-BD13BE3A35CC} = {B50FBE1E-1AB9-4E20-AB86-64C1C0395EC8}
		{1A3C0F4E-3D88-4BBF-B44B-D1CE6534EE86} = {B50FBE1E-1AB9-4E20-AB86-64C1C0395EC8}
		{0F66EF9A-FC8E-48BF-9C2E-2A04CEE16956} = {B50FBE1E-1AB9-4E20-AB86-64C1C0395EC8}
		{C8A52E60-E77E-4781-9F78-90AF7025582C} = {B50FBE1E-1AB9-4E20-AB86-64C1C0395EC8}
		{E4DDD1A1-5C95-4B83-9A17-5FE59CF4D5C4} = {B50FBE1E-1AB9-4E20-AB86-64C1C0395EC8}
		{FC2F44C6-FDDA-4D1E-BA29-51DDE644BF5D} = {B50FBE1E-1AB9-4E20-AB86-64C1C0395EC8}
		{8E04DB63-A195-4AD5-A8AC-47CFD9A76298} = {B50FBE1E-1AB9-4E20-AB86-64C1C0395EC8}
		{DEAB1899-BD27-4F6A-B060-89F3DA391BE2} = {B50FBE1E-1AB9-4E20-AB86-64C1C0395EC8}
		{ECD2C4D9-A5D8-48F9-B573-8BA8F1FCF53E} = {B50FBE1E-1AB9-4E20-AB86-64C1C0395EC8}
		{34C300E2-D75A-4D5B-8C1D-AF90791150F6} = {B50FBE1E-1AB9-4E20-AB86-64C1C0395EC8}
		{E3C1D617-AB96-4716-9E37-30E4607B69A1} = {B50FBE1E-1AB9-4E20-AB86-64C1C0395EC8}
		{BD90469A-C2D5-4F41-B9D9-438968D678BC} = {B50FBE1E-1AB9-4E20-AB86-64C1C0395EC8}
		{B087ACEF-1DAE-4EE0-8741-5C1D2C5483FF} = {B50FBE1E-1AB9-4E20-AB86-64C1C0395EC8}
		{9A23E0D5-C082-4F0F-B3DE-253C02981277} = {B50FBE1E-1AB9-4E20-AB86-64C1C0395EC8}
		{957483A1-363F-453E-BC55-CFF884E3AC82} = {B50FBE1E-1AB9-4E20-AB86-64C1C0395EC8}
	EndGlobalSection
	GlobalSection(ExtensibilityGlobals) = postSolution
		SolutionGuid = {6F17526E-EAAE-451F-B293-1384266E1FFC}
	EndGlobalSection
EndGlobal
